// !$*UTF8*$!
{
	archiveVersion = 1;
	classes = {
	};
	objectVersion = 46;
	objects = {

/* Begin PBXAggregateTarget section */
		7D728FDABB6C4FDA990041BE /* ZERO_CHECK */ = {
			isa = PBXAggregateTarget;
			buildConfigurationList = F5F792D5F4FC40A9ADF937B7 /* Build configuration list for PBXAggregateTarget "ZERO_CHECK" */;
			buildPhases = (
				F98B722305EE4A49858CDA83 /* CMake Rules */,
			);
			dependencies = (
			);
			name = ZERO_CHECK;
			productName = ZERO_CHECK;
		};
		9A614C86A9CE403E962C0DBA /* ALL_BUILD */ = {
			isa = PBXAggregateTarget;
			buildConfigurationList = D04165347D4B4E25A124608C /* Build configuration list for PBXAggregateTarget "ALL_BUILD" */;
			buildPhases = (
				05A494A5818A4A71BDBCA88E /* CMake Rules */,
			);
			dependencies = (
				EB94D04D627C4BD78A1D6CE4 /* PBXTargetDependency */,
				66AEBAA0CCEC4628B7BEFF94 /* PBXTargetDependency */,
			);
			name = ALL_BUILD;
			productName = ALL_BUILD;
		};
/* End PBXAggregateTarget section */

/* Begin PBXBuildFile section */
		3CDF890ADB9D4446A62EB3FA /* /Users/srikanthnarayanan/Documents/GitHubRepos/CarND-Unscented-Kalman-Filter/src/main.cpp */ = {isa = PBXBuildFile; fileRef = 4DA3F3958E194536B1673DC8 /* /Users/srikanthnarayanan/Documents/GitHubRepos/CarND-Unscented-Kalman-Filter/src/main.cpp */; };
		7C15DBB7490D4859AF6D16D7 /* /Users/srikanthnarayanan/Documents/GitHubRepos/CarND-Unscented-Kalman-Filter/src/ukf.cpp */ = {isa = PBXBuildFile; fileRef = 3DBBFDBEA9474C158796850C /* /Users/srikanthnarayanan/Documents/GitHubRepos/CarND-Unscented-Kalman-Filter/src/ukf.cpp */; };
		88AD5C70829D49479CFC063B /* /Users/srikanthnarayanan/Documents/GitHubRepos/CarND-Unscented-Kalman-Filter/CMakeLists.txt */ = {isa = PBXBuildFile; fileRef = D832AF6FEFF54208822E910B /* /Users/srikanthnarayanan/Documents/GitHubRepos/CarND-Unscented-Kalman-Filter/CMakeLists.txt */; };
		DAFFC90B27374B8F87E6E6C7 /* /Users/srikanthnarayanan/Documents/GitHubRepos/CarND-Unscented-Kalman-Filter/src/tools.cpp */ = {isa = PBXBuildFile; fileRef = 64380B4FAB2442268F8EA766 /* /Users/srikanthnarayanan/Documents/GitHubRepos/CarND-Unscented-Kalman-Filter/src/tools.cpp */; };
/* End PBXBuildFile section */

/* Begin PBXBuildStyle section */
		A340345505A34053AA3BBC03 /* MinSizeRel */ = {
			isa = PBXBuildStyle;
			buildSettings = {
				COPY_PHASE_STRIP = NO;
			};
			name = MinSizeRel;
		};
		B251FF32135049DBAA08CCFA /* Debug */ = {
			isa = PBXBuildStyle;
			buildSettings = {
				COPY_PHASE_STRIP = NO;
			};
			name = Debug;
		};
		B800E07575EA475F95BEBD94 /* RelWithDebInfo */ = {
			isa = PBXBuildStyle;
			buildSettings = {
				COPY_PHASE_STRIP = NO;
			};
			name = RelWithDebInfo;
		};
		CC343EB61AEF4B4E887274A6 /* Release */ = {
			isa = PBXBuildStyle;
			buildSettings = {
				COPY_PHASE_STRIP = NO;
			};
			name = Release;
		};
/* End PBXBuildStyle section */

/* Begin PBXContainerItemProxy section */
		2B48A8A954104D6A894FE445 /* PBXContainerItemProxy */ = {
			isa = PBXContainerItemProxy;
			containerPortal = 2C06742627C44F61BCAD7E23 /* Project object */;
			proxyType = 1;
			remoteGlobalIDString = 7D728FDABB6C4FDA990041BE;
			remoteInfo = ZERO_CHECK;
		};
		D0DDC1DF309741A1901439C7 /* PBXContainerItemProxy */ = {
			isa = PBXContainerItemProxy;
			containerPortal = 2C06742627C44F61BCAD7E23 /* Project object */;
			proxyType = 1;
			remoteGlobalIDString = 587CEEF7E3EA4667BBA6057F;
			remoteInfo = UnscentedKF;
		};
		DB658B44CFD045169F713549 /* PBXContainerItemProxy */ = {
			isa = PBXContainerItemProxy;
			containerPortal = 2C06742627C44F61BCAD7E23 /* Project object */;
			proxyType = 1;
			remoteGlobalIDString = 7D728FDABB6C4FDA990041BE;
			remoteInfo = ZERO_CHECK;
		};
/* End PBXContainerItemProxy section */

/* Begin PBXFileReference section */
		1CA960D64A12432BB19AA302 /* /Users/srikanthnarayanan/Documents/GitHubRepos/CarND-Unscented-Kalman-Filter/CMakeLists.txt */ = {isa = PBXFileReference; explicitFileType = sourcecode.text; fileEncoding = 4; name = CMakeLists.txt; path = CMakeLists.txt; sourceTree = SOURCE_ROOT; };
		3DBBFDBEA9474C158796850C /* /Users/srikanthnarayanan/Documents/GitHubRepos/CarND-Unscented-Kalman-Filter/src/ukf.cpp */ = {isa = PBXFileReference; explicitFileType = sourcecode.cpp.cpp; fileEncoding = 4; name = ukf.cpp; path = src/ukf.cpp; sourceTree = SOURCE_ROOT; };
		4DA3F3958E194536B1673DC8 /* /Users/srikanthnarayanan/Documents/GitHubRepos/CarND-Unscented-Kalman-Filter/src/main.cpp */ = {isa = PBXFileReference; explicitFileType = sourcecode.cpp.cpp; fileEncoding = 4; name = main.cpp; path = src/main.cpp; sourceTree = SOURCE_ROOT; };
		5E7E454CD425451488B7B8D3 /* /Users/srikanthnarayanan/Documents/GitHubRepos/CarND-Unscented-Kalman-Filter/CMakeLists.txt */ = {isa = PBXFileReference; explicitFileType = sourcecode.text; fileEncoding = 4; name = CMakeLists.txt; path = CMakeLists.txt; sourceTree = SOURCE_ROOT; };
		64380B4FAB2442268F8EA766 /* /Users/srikanthnarayanan/Documents/GitHubRepos/CarND-Unscented-Kalman-Filter/src/tools.cpp */ = {isa = PBXFileReference; explicitFileType = sourcecode.cpp.cpp; fileEncoding = 4; name = tools.cpp; path = src/tools.cpp; sourceTree = SOURCE_ROOT; };
		8426AD4E6FC34C7087ED07B1 /* UnscentedKF */ = {isa = PBXFileReference; explicitFileType = "compiled.mach-o.executable"; path = UnscentedKF; sourceTree = BUILT_PRODUCTS_DIR; };
		D832AF6FEFF54208822E910B /* /Users/srikanthnarayanan/Documents/GitHubRepos/CarND-Unscented-Kalman-Filter/CMakeLists.txt */ = {isa = PBXFileReference; explicitFileType = sourcecode.text; fileEncoding = 4; name = CMakeLists.txt; path = CMakeLists.txt; sourceTree = SOURCE_ROOT; };
/* End PBXFileReference section */

/* Begin PBXGroup section */
		544DC88BB7724126BFB38337 = {
			isa = PBXGroup;
			children = (
				769EDDD5EE74412EB1802E48 /* UnscentedKF */,
				6CF7BA8B91E04A3983D3273B /* ALL_BUILD */,
				AF274E67139549F39407692B /* ZERO_CHECK */,
				EBFB1DE4225047468E3E6A5B /* Products */,
			);
			sourceTree = "<group>";
		};
		6CF7BA8B91E04A3983D3273B /* ALL_BUILD */ = {
			isa = PBXGroup;
			children = (
				F967CC222F9949A39DA10DD8 /* CMake Rules */,
				5E7E454CD425451488B7B8D3 /* /Users/srikanthnarayanan/Documents/GitHubRepos/CarND-Unscented-Kalman-Filter/CMakeLists.txt */,
			);
			name = ALL_BUILD;
			sourceTree = "<group>";
		};
		769EDDD5EE74412EB1802E48 /* UnscentedKF */ = {
			isa = PBXGroup;
			children = (
				DCDE7FE6654249DE99E190AD /* Source Files */,
				D832AF6FEFF54208822E910B /* /Users/srikanthnarayanan/Documents/GitHubRepos/CarND-Unscented-Kalman-Filter/CMakeLists.txt */,
			);
			name = UnscentedKF;
			sourceTree = "<group>";
		};
		8DBBEFAFBE3F4BA2B236FFBC /* CMake Rules */ = {
			isa = PBXGroup;
			children = (
			);
			name = "CMake Rules";
			sourceTree = "<group>";
		};
		AF274E67139549F39407692B /* ZERO_CHECK */ = {
			isa = PBXGroup;
			children = (
				8DBBEFAFBE3F4BA2B236FFBC /* CMake Rules */,
				1CA960D64A12432BB19AA302 /* /Users/srikanthnarayanan/Documents/GitHubRepos/CarND-Unscented-Kalman-Filter/CMakeLists.txt */,
			);
			name = ZERO_CHECK;
			sourceTree = "<group>";
		};
		DCDE7FE6654249DE99E190AD /* Source Files */ = {
			isa = PBXGroup;
			children = (
				4DA3F3958E194536B1673DC8 /* /Users/srikanthnarayanan/Documents/GitHubRepos/CarND-Unscented-Kalman-Filter/src/main.cpp */,
				64380B4FAB2442268F8EA766 /* /Users/srikanthnarayanan/Documents/GitHubRepos/CarND-Unscented-Kalman-Filter/src/tools.cpp */,
				3DBBFDBEA9474C158796850C /* /Users/srikanthnarayanan/Documents/GitHubRepos/CarND-Unscented-Kalman-Filter/src/ukf.cpp */,
			);
			name = "Source Files";
			sourceTree = "<group>";
		};
		EBFB1DE4225047468E3E6A5B /* Products */ = {
			isa = PBXGroup;
			children = (
				8426AD4E6FC34C7087ED07B1 /* UnscentedKF */,
			);
			name = Products;
			sourceTree = "<group>";
		};
		F967CC222F9949A39DA10DD8 /* CMake Rules */ = {
			isa = PBXGroup;
			children = (
			);
			name = "CMake Rules";
			sourceTree = "<group>";
		};
/* End PBXGroup section */

/* Begin PBXNativeTarget section */
		587CEEF7E3EA4667BBA6057F /* UnscentedKF */ = {
			isa = PBXNativeTarget;
			buildConfigurationList = 83BEBAF3C11341C7AF4E8FB9 /* Build configuration list for PBXNativeTarget "UnscentedKF" */;
			buildPhases = (
				48A69A07B0EE4BBE879B3FCF /* Sources */,
			);
			buildRules = (
			);
			dependencies = (
				980ADF2FBE054CBDACFB4F5D /* PBXTargetDependency */,
			);
			name = UnscentedKF;
			productName = UnscentedKF;
			productReference = 8426AD4E6FC34C7087ED07B1 /* UnscentedKF */;
			productType = "com.apple.product-type.tool";
		};
/* End PBXNativeTarget section */

/* Begin PBXProject section */
		2C06742627C44F61BCAD7E23 /* Project object */ = {
			isa = PBXProject;
			attributes = {
				BuildIndependentTargetsInParallel = YES;
				LastUpgradeCheck = 0820;
			};
			buildConfigurationList = 27AD0205F5A74C4384766610 /* Build configuration list for PBXProject "UnscentedKF" */;
			buildSettings = {
			};
			buildStyles = (
				B251FF32135049DBAA08CCFA /* Debug */,
				CC343EB61AEF4B4E887274A6 /* Release */,
				A340345505A34053AA3BBC03 /* MinSizeRel */,
				B800E07575EA475F95BEBD94 /* RelWithDebInfo */,
			);
			compatibilityVersion = "Xcode 3.2";
			hasScannedForEncodings = 0;
			mainGroup = 544DC88BB7724126BFB38337;
			projectDirPath = ../../;
			projectRoot = "";
			targets = (
				9A614C86A9CE403E962C0DBA /* ALL_BUILD */,
				587CEEF7E3EA4667BBA6057F /* UnscentedKF */,
				7D728FDABB6C4FDA990041BE /* ZERO_CHECK */,
			);
		};
/* End PBXProject section */

/* Begin PBXShellScriptBuildPhase section */
		05A494A5818A4A71BDBCA88E /* CMake Rules */ = {
			isa = PBXShellScriptBuildPhase;
			buildActionMask = 2147483647;
			files = (
			);
			name = "CMake Rules";
			outputPaths = (
"/Users/srikanthnarayanan/Documents/GitHubRepos/CarND-Unscented-Kalman-Filter/ide_profiles/xcode/CMakeFiles/ALL_BUILD"			);
			runOnlyForDeploymentPostprocessing = 0;
			shellPath = /bin/sh;
			shellScript = "make -C /Users/srikanthnarayanan/Documents/GitHubRepos/CarND-Unscented-Kalman-Filter/ide_profiles/xcode -f /Users/srikanthnarayanan/Documents/GitHubRepos/CarND-Unscented-Kalman-Filter/ide_profiles/xcode/CMakeScripts/ALL_BUILD_cmakeRulesBuildPhase.make$CONFIGURATION all";
			showEnvVarsInLog = 0;
		};
		67CD81556A774811BF9EB30B = {
			isa = PBXShellScriptBuildPhase;
			buildActionMask = 2147483647;
			files = (
			);
			inputPaths = (
			);
			outputPaths = (
			);
			runOnlyForDeploymentPostprocessing = 0;
			shellPath = /bin/sh;
			shellScript = "# shell script goes here
exit 0";
			showEnvVarsInLog = 0;
		};
		C4D7CF3C19E5419B95254AE2 = {
			isa = PBXShellScriptBuildPhase;
			buildActionMask = 2147483647;
			files = (
			);
			inputPaths = (
			);
			outputPaths = (
			);
			runOnlyForDeploymentPostprocessing = 0;
			shellPath = /bin/sh;
			shellScript = "# shell script goes here
exit 0";
			showEnvVarsInLog = 0;
		};
		F98B722305EE4A49858CDA83 /* CMake Rules */ = {
			isa = PBXShellScriptBuildPhase;
			buildActionMask = 2147483647;
			files = (
			);
			name = "CMake Rules";
			outputPaths = (
"/Users/srikanthnarayanan/Documents/GitHubRepos/CarND-Unscented-Kalman-Filter/ide_profiles/xcode/CMakeFiles/ZERO_CHECK"			);
			runOnlyForDeploymentPostprocessing = 0;
			shellPath = /bin/sh;
			shellScript = "make -C /Users/srikanthnarayanan/Documents/GitHubRepos/CarND-Unscented-Kalman-Filter/ide_profiles/xcode -f /Users/srikanthnarayanan/Documents/GitHubRepos/CarND-Unscented-Kalman-Filter/ide_profiles/xcode/CMakeScripts/ZERO_CHECK_cmakeRulesBuildPhase.make$CONFIGURATION all";
			showEnvVarsInLog = 0;
		};
/* End PBXShellScriptBuildPhase section */

/* Begin PBXSourcesBuildPhase section */
		48A69A07B0EE4BBE879B3FCF /* Sources */ = {
			isa = PBXSourcesBuildPhase;
			buildActionMask = 2147483647;
			files = (
				3CDF890ADB9D4446A62EB3FA /* /Users/srikanthnarayanan/Documents/GitHubRepos/CarND-Unscented-Kalman-Filter/src/main.cpp */,
				DAFFC90B27374B8F87E6E6C7 /* /Users/srikanthnarayanan/Documents/GitHubRepos/CarND-Unscented-Kalman-Filter/src/tools.cpp */,
				7C15DBB7490D4859AF6D16D7 /* /Users/srikanthnarayanan/Documents/GitHubRepos/CarND-Unscented-Kalman-Filter/src/ukf.cpp */,
			);
			runOnlyForDeploymentPostprocessing = 0;
		};
/* End PBXSourcesBuildPhase section */

/* Begin PBXTargetDependency section */
		66AEBAA0CCEC4628B7BEFF94 /* PBXTargetDependency */ = {
			isa = PBXTargetDependency;
			target = 7D728FDABB6C4FDA990041BE /* ZERO_CHECK */;
			targetProxy = DB658B44CFD045169F713549 /* PBXContainerItemProxy */;
		};
		980ADF2FBE054CBDACFB4F5D /* PBXTargetDependency */ = {
			isa = PBXTargetDependency;
			target = 7D728FDABB6C4FDA990041BE /* ZERO_CHECK */;
			targetProxy = 2B48A8A954104D6A894FE445 /* PBXContainerItemProxy */;
		};
		EB94D04D627C4BD78A1D6CE4 /* PBXTargetDependency */ = {
			isa = PBXTargetDependency;
			target = 587CEEF7E3EA4667BBA6057F /* UnscentedKF */;
			targetProxy = D0DDC1DF309741A1901439C7 /* PBXContainerItemProxy */;
		};
/* End PBXTargetDependency section */

/* Begin XCBuildConfiguration section */
		103E604C7E8E4C7CBF54AC4E /* RelWithDebInfo */ = {
			isa = XCBuildConfiguration;
			buildSettings = {
				COMBINE_HIDPI_IMAGES = YES;
				GCC_GENERATE_DEBUGGING_SYMBOLS = YES;
				GCC_INLINES_ARE_PRIVATE_EXTERN = NO;
				GCC_OPTIMIZATION_LEVEL = 0;
				GCC_PREPROCESSOR_DEFINITIONS = ("'CMAKE_INTDIR=\"$(CONFIGURATION)$(EFFECTIVE_PLATFORM_NAME)\"'");
				GCC_SYMBOLS_PRIVATE_EXTERN = NO;
				HEADER_SEARCH_PATHS = (/usr/local/include,/usr/local/opt/openssl/include);
				INSTALL_PATH = "";
				OTHER_LDFLAGS = " ";
				OTHER_REZFLAGS = "";
				PRODUCT_NAME = ALL_BUILD;
				SECTORDER_FLAGS = "";
				SYMROOT = "/Users/srikanthnarayanan/Documents/GitHubRepos/CarND-Unscented-Kalman-Filter/ide_profiles/xcode";
				USE_HEADERMAP = NO;
				WARNING_CFLAGS = ("-Wmost","-Wno-four-char-constants","-Wno-unknown-pragmas","$(inherited)");
			};
			name = RelWithDebInfo;
		};
		182B18BE92E54D83B45007AD /* MinSizeRel */ = {
			isa = XCBuildConfiguration;
			buildSettings = {
				COMBINE_HIDPI_IMAGES = YES;
				GCC_GENERATE_DEBUGGING_SYMBOLS = YES;
				GCC_INLINES_ARE_PRIVATE_EXTERN = NO;
				GCC_OPTIMIZATION_LEVEL = 0;
				GCC_PREPROCESSOR_DEFINITIONS = ("'CMAKE_INTDIR=\"$(CONFIGURATION)$(EFFECTIVE_PLATFORM_NAME)\"'");
				GCC_SYMBOLS_PRIVATE_EXTERN = NO;
				HEADER_SEARCH_PATHS = (/usr/local/include,/usr/local/opt/openssl/include);
				INSTALL_PATH = "";
				OTHER_LDFLAGS = " ";
				OTHER_REZFLAGS = "";
				PRODUCT_NAME = ZERO_CHECK;
				SECTORDER_FLAGS = "";
				SYMROOT = "/Users/srikanthnarayanan/Documents/GitHubRepos/CarND-Unscented-Kalman-Filter/ide_profiles/xcode";
				USE_HEADERMAP = NO;
				WARNING_CFLAGS = ("-Wmost","-Wno-four-char-constants","-Wno-unknown-pragmas","$(inherited)");
			};
			name = MinSizeRel;
		};
		2CE14142A7854C89B350CB96 /* RelWithDebInfo */ = {
			isa = XCBuildConfiguration;
			buildSettings = {
				ONLY_ACTIVE_ARCH = YES;
				SDKROOT = /Applications/Xcode.app/Contents/Developer/Platforms/MacOSX.platform/Developer/SDKs/MacOSX10.12.sdk;
				SYMROOT = "/Users/srikanthnarayanan/Documents/GitHubRepos/CarND-Unscented-Kalman-Filter/ide_profiles/xcode/build";
			};
			name = RelWithDebInfo;
		};
		42DD70C6EC4B4C559AFEBA02 /* RelWithDebInfo */ = {
			isa = XCBuildConfiguration;
			buildSettings = {
				COMBINE_HIDPI_IMAGES = YES;
				GCC_GENERATE_DEBUGGING_SYMBOLS = YES;
				GCC_INLINES_ARE_PRIVATE_EXTERN = NO;
				GCC_OPTIMIZATION_LEVEL = 0;
				GCC_PREPROCESSOR_DEFINITIONS = ("'CMAKE_INTDIR=\"$(CONFIGURATION)$(EFFECTIVE_PLATFORM_NAME)\"'");
				GCC_SYMBOLS_PRIVATE_EXTERN = NO;
				HEADER_SEARCH_PATHS = (/usr/local/include,/usr/local/opt/openssl/include);
				INSTALL_PATH = "";
				OTHER_LDFLAGS = " ";
				OTHER_REZFLAGS = "";
				PRODUCT_NAME = ZERO_CHECK;
				SECTORDER_FLAGS = "";
				SYMROOT = "/Users/srikanthnarayanan/Documents/GitHubRepos/CarND-Unscented-Kalman-Filter/ide_profiles/xcode";
				USE_HEADERMAP = NO;
				WARNING_CFLAGS = ("-Wmost","-Wno-four-char-constants","-Wno-unknown-pragmas","$(inherited)");
			};
			name = RelWithDebInfo;
		};
		53B9EA68B11B493DA5CD707B /* Debug */ = {
			isa = XCBuildConfiguration;
			buildSettings = {
				COMBINE_HIDPI_IMAGES = YES;
				GCC_GENERATE_DEBUGGING_SYMBOLS = YES;
				GCC_INLINES_ARE_PRIVATE_EXTERN = NO;
				GCC_OPTIMIZATION_LEVEL = 0;
				GCC_PREPROCESSOR_DEFINITIONS = ("'CMAKE_INTDIR=\"$(CONFIGURATION)$(EFFECTIVE_PLATFORM_NAME)\"'");
				GCC_SYMBOLS_PRIVATE_EXTERN = NO;
				HEADER_SEARCH_PATHS = (/usr/local/include,/usr/local/opt/openssl/include);
				INSTALL_PATH = "";
				OTHER_LDFLAGS = " ";
				OTHER_REZFLAGS = "";
				PRODUCT_NAME = ZERO_CHECK;
				SECTORDER_FLAGS = "";
				SYMROOT = "/Users/srikanthnarayanan/Documents/GitHubRepos/CarND-Unscented-Kalman-Filter/ide_profiles/xcode";
				USE_HEADERMAP = NO;
				WARNING_CFLAGS = ("-Wmost","-Wno-four-char-constants","-Wno-unknown-pragmas","$(inherited)");
			};
			name = Debug;
		};
		55E4044BE35C4597B837ACA0 /* Release */ = {
			isa = XCBuildConfiguration;
			buildSettings = {
				COMBINE_HIDPI_IMAGES = YES;
				GCC_GENERATE_DEBUGGING_SYMBOLS = YES;
				GCC_INLINES_ARE_PRIVATE_EXTERN = NO;
				GCC_OPTIMIZATION_LEVEL = 0;
				GCC_PREPROCESSOR_DEFINITIONS = ("'CMAKE_INTDIR=\"$(CONFIGURATION)$(EFFECTIVE_PLATFORM_NAME)\"'");
				GCC_SYMBOLS_PRIVATE_EXTERN = NO;
				HEADER_SEARCH_PATHS = (/usr/local/include,/usr/local/opt/openssl/include);
				INSTALL_PATH = "";
				OTHER_LDFLAGS = " ";
				OTHER_REZFLAGS = "";
				PRODUCT_NAME = ZERO_CHECK;
				SECTORDER_FLAGS = "";
				SYMROOT = "/Users/srikanthnarayanan/Documents/GitHubRepos/CarND-Unscented-Kalman-Filter/ide_profiles/xcode";
				USE_HEADERMAP = NO;
				WARNING_CFLAGS = ("-Wmost","-Wno-four-char-constants","-Wno-unknown-pragmas","$(inherited)");
			};
			name = Release;
		};
		5AC371452DA04B8098B4211C /* RelWithDebInfo */ = {
			isa = XCBuildConfiguration;
			buildSettings = {
				COMBINE_HIDPI_IMAGES = YES;
				EXECUTABLE_PREFIX = "";
				EXECUTABLE_SUFFIX = "";
				GCC_GENERATE_DEBUGGING_SYMBOLS = YES;
				GCC_INLINES_ARE_PRIVATE_EXTERN = NO;
				GCC_OPTIMIZATION_LEVEL = 2;
				GCC_PREPROCESSOR_DEFINITIONS = ("'CMAKE_INTDIR=\"$(CONFIGURATION)$(EFFECTIVE_PLATFORM_NAME)\"'");
				GCC_SYMBOLS_PRIVATE_EXTERN = NO;
				HEADER_SEARCH_PATHS = (/usr/local/include,/usr/local/opt/openssl/include);
				INSTALL_PATH = "";
				LD_RUNPATH_SEARCH_PATHS = "/usr/local/lib /usr/local/opt/openssl/lib /usr/local/Cellar/libuv/1.11.0/lib";
				LIBRARY_SEARCH_PATHS = " /usr/local/lib/$(CONFIGURATION)$(EFFECTIVE_PLATFORM_NAME) /usr/local/lib /usr/local/opt/openssl/lib/$(CONFIGURATION)$(EFFECTIVE_PLATFORM_NAME) /usr/local/opt/openssl/lib /usr/local/Cellar/libuv/1.11.0/lib/$(CONFIGURATION)$(EFFECTIVE_PLATFORM_NAME) /usr/local/Cellar/libuv/1.11.0/lib";
				OTHER_CPLUSPLUSFLAGS = "       -DNDEBUG -I/usr/local/include -I/usr/local/opt/openssl/include    -std=c++11";
				OTHER_LDFLAGS = " -Wl,-search_paths_first -Wl,-headerpad_max_install_names  -lz -lssl -luv -luWS";
				OTHER_REZFLAGS = "";
				PRODUCT_NAME = UnscentedKF;
				SECTORDER_FLAGS = "";
				SYMROOT = "/Users/srikanthnarayanan/Documents/GitHubRepos/CarND-Unscented-Kalman-Filter/ide_profiles/xcode";
				USE_HEADERMAP = NO;
				WARNING_CFLAGS = ("-Wmost","-Wno-four-char-constants","-Wno-unknown-pragmas","$(inherited)");
			};
			name = RelWithDebInfo;
		};
		5BCEBD399CE542038F8C9121 /* MinSizeRel */ = {
			isa = XCBuildConfiguration;
			buildSettings = {
				COMBINE_HIDPI_IMAGES = YES;
				GCC_GENERATE_DEBUGGING_SYMBOLS = YES;
				GCC_INLINES_ARE_PRIVATE_EXTERN = NO;
				GCC_OPTIMIZATION_LEVEL = 0;
				GCC_PREPROCESSOR_DEFINITIONS = ("'CMAKE_INTDIR=\"$(CONFIGURATION)$(EFFECTIVE_PLATFORM_NAME)\"'");
				GCC_SYMBOLS_PRIVATE_EXTERN = NO;
				HEADER_SEARCH_PATHS = (/usr/local/include,/usr/local/opt/openssl/include);
				INSTALL_PATH = "";
				OTHER_LDFLAGS = " ";
				OTHER_REZFLAGS = "";
				PRODUCT_NAME = ALL_BUILD;
				SECTORDER_FLAGS = "";
				SYMROOT = "/Users/srikanthnarayanan/Documents/GitHubRepos/CarND-Unscented-Kalman-Filter/ide_profiles/xcode";
				USE_HEADERMAP = NO;
				WARNING_CFLAGS = ("-Wmost","-Wno-four-char-constants","-Wno-unknown-pragmas","$(inherited)");
			};
			name = MinSizeRel;
		};
		62638EC9E6F3468EA91D9D6E /* Release */ = {
			isa = XCBuildConfiguration;
			buildSettings = {
				ONLY_ACTIVE_ARCH = YES;
				SDKROOT = /Applications/Xcode.app/Contents/Developer/Platforms/MacOSX.platform/Developer/SDKs/MacOSX10.12.sdk;
				SYMROOT = "/Users/srikanthnarayanan/Documents/GitHubRepos/CarND-Unscented-Kalman-Filter/ide_profiles/xcode/build";
			};
			name = Release;
		};
		88A60DEF29874FC8B4DBDCAC /* Release */ = {
			isa = XCBuildConfiguration;
			buildSettings = {
				COMBINE_HIDPI_IMAGES = YES;
				EXECUTABLE_PREFIX = "";
				EXECUTABLE_SUFFIX = "";
				GCC_GENERATE_DEBUGGING_SYMBOLS = NO;
				GCC_INLINES_ARE_PRIVATE_EXTERN = NO;
				GCC_OPTIMIZATION_LEVEL = 3;
				GCC_PREPROCESSOR_DEFINITIONS = ("'CMAKE_INTDIR=\"$(CONFIGURATION)$(EFFECTIVE_PLATFORM_NAME)\"'");
				GCC_SYMBOLS_PRIVATE_EXTERN = NO;
				HEADER_SEARCH_PATHS = (/usr/local/include,/usr/local/opt/openssl/include);
				INSTALL_PATH = "";
				LD_RUNPATH_SEARCH_PATHS = "/usr/local/lib /usr/local/opt/openssl/lib /usr/local/Cellar/libuv/1.11.0/lib";
				LIBRARY_SEARCH_PATHS = " /usr/local/lib/$(CONFIGURATION)$(EFFECTIVE_PLATFORM_NAME) /usr/local/lib /usr/local/opt/openssl/lib/$(CONFIGURATION)$(EFFECTIVE_PLATFORM_NAME) /usr/local/opt/openssl/lib /usr/local/Cellar/libuv/1.11.0/lib/$(CONFIGURATION)$(EFFECTIVE_PLATFORM_NAME) /usr/local/Cellar/libuv/1.11.0/lib";
				OTHER_CPLUSPLUSFLAGS = "    -DNDEBUG -I/usr/local/include -I/usr/local/opt/openssl/include    -std=c++11";
				OTHER_LDFLAGS = " -Wl,-search_paths_first -Wl,-headerpad_max_install_names  -lz -lssl -luv -luWS";
				OTHER_REZFLAGS = "";
				PRODUCT_NAME = UnscentedKF;
				SECTORDER_FLAGS = "";
				SYMROOT = "/Users/srikanthnarayanan/Documents/GitHubRepos/CarND-Unscented-Kalman-Filter/ide_profiles/xcode";
				USE_HEADERMAP = NO;
				WARNING_CFLAGS = ("-Wmost","-Wno-four-char-constants","-Wno-unknown-pragmas","$(inherited)");
			};
			name = Release;
		};
		93061882A108428883BD60B9 /* MinSizeRel */ = {
			isa = XCBuildConfiguration;
			buildSettings = {
				ONLY_ACTIVE_ARCH = YES;
				SDKROOT = /Applications/Xcode.app/Contents/Developer/Platforms/MacOSX.platform/Developer/SDKs/MacOSX10.12.sdk;
				SYMROOT = "/Users/srikanthnarayanan/Documents/GitHubRepos/CarND-Unscented-Kalman-Filter/ide_profiles/xcode/build";
			};
			name = MinSizeRel;
		};
		B2C580B7ECFF4B6A9A62021C /* Debug */ = {
			isa = XCBuildConfiguration;
			buildSettings = {
				COMBINE_HIDPI_IMAGES = YES;
				EXECUTABLE_PREFIX = "";
				EXECUTABLE_SUFFIX = "";
				GCC_GENERATE_DEBUGGING_SYMBOLS = YES;
				GCC_INLINES_ARE_PRIVATE_EXTERN = NO;
				GCC_OPTIMIZATION_LEVEL = 0;
				GCC_PREPROCESSOR_DEFINITIONS = ("'CMAKE_INTDIR=\"$(CONFIGURATION)$(EFFECTIVE_PLATFORM_NAME)\"'");
				GCC_SYMBOLS_PRIVATE_EXTERN = NO;
				HEADER_SEARCH_PATHS = (/usr/local/include,/usr/local/opt/openssl/include);
				INSTALL_PATH = "";
				LD_RUNPATH_SEARCH_PATHS = "/usr/local/lib /usr/local/opt/openssl/lib /usr/local/Cellar/libuv/1.11.0/lib";
				LIBRARY_SEARCH_PATHS = " /usr/local/lib/$(CONFIGURATION)$(EFFECTIVE_PLATFORM_NAME) /usr/local/lib /usr/local/opt/openssl/lib/$(CONFIGURATION)$(EFFECTIVE_PLATFORM_NAME) /usr/local/opt/openssl/lib /usr/local/Cellar/libuv/1.11.0/lib/$(CONFIGURATION)$(EFFECTIVE_PLATFORM_NAME) /usr/local/Cellar/libuv/1.11.0/lib";
				OTHER_CPLUSPLUSFLAGS = "   -I/usr/local/include -I/usr/local/opt/openssl/include    -std=c++11";
				OTHER_LDFLAGS = " -Wl,-search_paths_first -Wl,-headerpad_max_install_names  -lz -lssl -luv -luWS";
				OTHER_REZFLAGS = "";
				PRODUCT_NAME = UnscentedKF;
				SECTORDER_FLAGS = "";
				SYMROOT = "/Users/srikanthnarayanan/Documents/GitHubRepos/CarND-Unscented-Kalman-Filter/ide_profiles/xcode";
				USE_HEADERMAP = NO;
				WARNING_CFLAGS = ("-Wmost","-Wno-four-char-constants","-Wno-unknown-pragmas","$(inherited)");
			};
			name = Debug;
		};
		BA158B222D6C45C894A30688 /* Debug */ = {
			isa = XCBuildConfiguration;
			buildSettings = {
				COMBINE_HIDPI_IMAGES = YES;
				GCC_GENERATE_DEBUGGING_SYMBOLS = YES;
				GCC_INLINES_ARE_PRIVATE_EXTERN = NO;
				GCC_OPTIMIZATION_LEVEL = 0;
				GCC_PREPROCESSOR_DEFINITIONS = ("'CMAKE_INTDIR=\"$(CONFIGURATION)$(EFFECTIVE_PLATFORM_NAME)\"'");
				GCC_SYMBOLS_PRIVATE_EXTERN = NO;
				HEADER_SEARCH_PATHS = (/usr/local/include,/usr/local/opt/openssl/include);
				INSTALL_PATH = "";
				OTHER_LDFLAGS = " ";
				OTHER_REZFLAGS = "";
				PRODUCT_NAME = ALL_BUILD;
				SECTORDER_FLAGS = "";
				SYMROOT = "/Users/srikanthnarayanan/Documents/GitHubRepos/CarND-Unscented-Kalman-Filter/ide_profiles/xcode";
				USE_HEADERMAP = NO;
				WARNING_CFLAGS = ("-Wmost","-Wno-four-char-constants","-Wno-unknown-pragmas","$(inherited)");
			};
			name = Debug;
		};
		EC00110E68674BEFA58872AD /* MinSizeRel */ = {
			isa = XCBuildConfiguration;
			buildSettings = {
				COMBINE_HIDPI_IMAGES = YES;
				EXECUTABLE_PREFIX = "";
				EXECUTABLE_SUFFIX = "";
				GCC_GENERATE_DEBUGGING_SYMBOLS = NO;
				GCC_INLINES_ARE_PRIVATE_EXTERN = NO;
				GCC_OPTIMIZATION_LEVEL = s;
				GCC_PREPROCESSOR_DEFINITIONS = ("'CMAKE_INTDIR=\"$(CONFIGURATION)$(EFFECTIVE_PLATFORM_NAME)\"'");
				GCC_SYMBOLS_PRIVATE_EXTERN = NO;
				HEADER_SEARCH_PATHS = (/usr/local/include,/usr/local/opt/openssl/include);
				INSTALL_PATH = "";
				LD_RUNPATH_SEARCH_PATHS = "/usr/local/lib /usr/local/opt/openssl/lib /usr/local/Cellar/libuv/1.11.0/lib";
				LIBRARY_SEARCH_PATHS = " /usr/local/lib/$(CONFIGURATION)$(EFFECTIVE_PLATFORM_NAME) /usr/local/lib /usr/local/opt/openssl/lib/$(CONFIGURATION)$(EFFECTIVE_PLATFORM_NAME) /usr/local/opt/openssl/lib /usr/local/Cellar/libuv/1.11.0/lib/$(CONFIGURATION)$(EFFECTIVE_PLATFORM_NAME) /usr/local/Cellar/libuv/1.11.0/lib";
				OTHER_CPLUSPLUSFLAGS = "    -DNDEBUG -I/usr/local/include -I/usr/local/opt/openssl/include    -std=c++11";
				OTHER_LDFLAGS = " -Wl,-search_paths_first -Wl,-headerpad_max_install_names  -lz -lssl -luv -luWS";
				OTHER_REZFLAGS = "";
				PRODUCT_NAME = UnscentedKF;
				SECTORDER_FLAGS = "";
				SYMROOT = "/Users/srikanthnarayanan/Documents/GitHubRepos/CarND-Unscented-Kalman-Filter/ide_profiles/xcode";
				USE_HEADERMAP = NO;
				WARNING_CFLAGS = ("-Wmost","-Wno-four-char-constants","-Wno-unknown-pragmas","$(inherited)");
			};
			name = MinSizeRel;
		};
		F839EBA62F3646CEBDEE0429 /* Debug */ = {
			isa = XCBuildConfiguration;
			buildSettings = {
				ONLY_ACTIVE_ARCH = YES;
				SDKROOT = /Applications/Xcode.app/Contents/Developer/Platforms/MacOSX.platform/Developer/SDKs/MacOSX10.12.sdk;
				SYMROOT = "/Users/srikanthnarayanan/Documents/GitHubRepos/CarND-Unscented-Kalman-Filter/ide_profiles/xcode/build";
			};
			name = Debug;
		};
		FEDC6D999618407A8BCE0652 /* Release */ = {
			isa = XCBuildConfiguration;
			buildSettings = {
				COMBINE_HIDPI_IMAGES = YES;
				GCC_GENERATE_DEBUGGING_SYMBOLS = YES;
				GCC_INLINES_ARE_PRIVATE_EXTERN = NO;
				GCC_OPTIMIZATION_LEVEL = 0;
				GCC_PREPROCESSOR_DEFINITIONS = ("'CMAKE_INTDIR=\"$(CONFIGURATION)$(EFFECTIVE_PLATFORM_NAME)\"'");
				GCC_SYMBOLS_PRIVATE_EXTERN = NO;
				HEADER_SEARCH_PATHS = (/usr/local/include,/usr/local/opt/openssl/include);
				INSTALL_PATH = "";
				OTHER_LDFLAGS = " ";
				OTHER_REZFLAGS = "";
				PRODUCT_NAME = ALL_BUILD;
				SECTORDER_FLAGS = "";
				SYMROOT = "/Users/srikanthnarayanan/Documents/GitHubRepos/CarND-Unscented-Kalman-Filter/ide_profiles/xcode";
				USE_HEADERMAP = NO;
				WARNING_CFLAGS = ("-Wmost","-Wno-four-char-constants","-Wno-unknown-pragmas","$(inherited)");
			};
			name = Release;
		};
/* End XCBuildConfiguration section */

/* Begin XCConfigurationList section */
		27AD0205F5A74C4384766610 /* Build configuration list for PBXProject "UnscentedKF" */ = {
			isa = XCConfigurationList;
			buildConfigurations = (
				F839EBA62F3646CEBDEE0429 /* Debug */,
				62638EC9E6F3468EA91D9D6E /* Release */,
				93061882A108428883BD60B9 /* MinSizeRel */,
				2CE14142A7854C89B350CB96 /* RelWithDebInfo */,
			);
			defaultConfigurationIsVisible = 0;
			defaultConfigurationName = Debug;
		};
		83BEBAF3C11341C7AF4E8FB9 /* Build configuration list for PBXNativeTarget "UnscentedKF" */ = {
			isa = XCConfigurationList;
			buildConfigurations = (
				B2C580B7ECFF4B6A9A62021C /* Debug */,
				88A60DEF29874FC8B4DBDCAC /* Release */,
				EC00110E68674BEFA58872AD /* MinSizeRel */,
				5AC371452DA04B8098B4211C /* RelWithDebInfo */,
			);
			defaultConfigurationIsVisible = 0;
			defaultConfigurationName = Debug;
		};
		D04165347D4B4E25A124608C /* Build configuration list for PBXAggregateTarget "ALL_BUILD" */ = {
			isa = XCConfigurationList;
			buildConfigurations = (
				BA158B222D6C45C894A30688 /* Debug */,
				FEDC6D999618407A8BCE0652 /* Release */,
				5BCEBD399CE542038F8C9121 /* MinSizeRel */,
				103E604C7E8E4C7CBF54AC4E /* RelWithDebInfo */,
			);
			defaultConfigurationIsVisible = 0;
			defaultConfigurationName = Debug;
		};
		F5F792D5F4FC40A9ADF937B7 /* Build configuration list for PBXAggregateTarget "ZERO_CHECK" */ = {
			isa = XCConfigurationList;
			buildConfigurations = (
				53B9EA68B11B493DA5CD707B /* Debug */,
				55E4044BE35C4597B837ACA0 /* Release */,
				182B18BE92E54D83B45007AD /* MinSizeRel */,
				42DD70C6EC4B4C559AFEBA02 /* RelWithDebInfo */,
			);
			defaultConfigurationIsVisible = 0;
			defaultConfigurationName = Debug;
		};
/* End XCConfigurationList section */
	};
	rootObject = 2C06742627C44F61BCAD7E23 /* Project object */;
}
